
Microsoft Visual Studio Solution File, Format Version 12.00
# Visual Studio Version 17
VisualStudioVersion = 17.14.36202.13 d17.14
MinimumVisualStudioVersion = 10.0.40219.1
Project("{FAE04EC0-301F-11D3-BF4B-00C04F79EFBC}") = "BudgetMaster.Endpoint", "BudgetMaster.Endpoint\BudgetMaster.Endpoint.csproj", "{088B2521-BEBA-4581-96EC-825FBD03C16F}"
EndProject
Project("{FAE04EC0-301F-11D3-BF4B-00C04F79EFBC}") = "BudgetMaster.Data", "BudgetMaster.Data\BudgetMaster.Data.csproj", "{651B69CF-D9F0-477E-90D4-5F0C55CC88D2}"
EndProject
Project("{FAE04EC0-301F-11D3-BF4B-00C04F79EFBC}") = "BudgetMaster.Entities", "BudgetMaster.Entities\BudgetMaster.Entities.csproj", "{F2C7AB17-DA1B-43B4-B639-6D0CDD8A6929}"
EndProject
Project("{FAE04EC0-301F-11D3-BF4B-00C04F79EFBC}") = "BudgetMaster.Logic", "BudgetMaster.Logic\BudgetMaster.Logic.csproj", "{353B2DF4-077E-4CC8-957F-43EC298A8EE7}"
EndProject
Global
	GlobalSection(SolutionConfigurationPlatforms) = preSolution
		Debug|Any CPU = Debug|Any CPU
		Release|Any CPU = Release|Any CPU
	EndGlobalSection
	GlobalSection(ProjectConfigurationPlatforms) = postSolution
		{088B2521-BEBA-4581-96EC-825FBD03C16F}.Debug|Any CPU.ActiveCfg = Debug|Any CPU
		{088B2521-BEBA-4581-96EC-825FBD03C16F}.Debug|Any CPU.Build.0 = Debug|Any CPU
		{088B2521-BEBA-4581-96EC-825FBD03C16F}.Release|Any CPU.ActiveCfg = Release|Any CPU
		{088B2521-BEBA-4581-96EC-825FBD03C16F}.Release|Any CPU.Build.0 = Release|Any CPU
		{651B69CF-D9F0-477E-90D4-5F0C55CC88D2}.Debug|Any CPU.ActiveCfg = Debug|Any CPU
		{651B69CF-D9F0-477E-90D4-5F0C55CC88D2}.Debug|Any CPU.Build.0 = Debug|Any CPU
		{651B69CF-D9F0-477E-90D4-5F0C55CC88D2}.Release|Any CPU.ActiveCfg = Release|Any CPU
		{651B69CF-D9F0-477E-90D4-5F0C55CC88D2}.Release|Any CPU.Build.0 = Release|Any CPU
		{F2C7AB17-DA1B-43B4-B639-6D0CDD8A6929}.Debug|Any CPU.ActiveCfg = Debug|Any CPU
		{F2C7AB17-DA1B-43B4-B639-6D0CDD8A6929}.Debug|Any CPU.Build.0 = Debug|Any CPU
		{F2C7AB17-DA1B-43B4-B639-6D0CDD8A6929}.Release|Any CPU.ActiveCfg = Release|Any CPU
		{F2C7AB17-DA1B-43B4-B639-6D0CDD8A6929}.Release|Any CPU.Build.0 = Release|Any CPU
		{353B2DF4-077E-4CC8-957F-43EC298A8EE7}.Debug|Any CPU.ActiveCfg = Debug|Any CPU
		{353B2DF4-077E-4CC8-957F-43EC298A8EE7}.Debug|Any CPU.Build.0 = Debug|Any CPU
		{353B2DF4-077E-4CC8-957F-43EC298A8EE7}.Release|Any CPU.ActiveCfg = Release|Any CPU
		{353B2DF4-077E-4CC8-957F-43EC298A8EE7}.Release|Any CPU.Build.0 = Release|Any CPU
	EndGlobalSection
	GlobalSection(SolutionProperties) = preSolution
		HideSolutionNode = FALSE
	EndGlobalSection
	GlobalSection(ExtensibilityGlobals) = postSolution
		SolutionGuid = {5E3B2D1B-77BD-47C6-BAB1-5EDAADDABDF0}
	EndGlobalSection
EndGlobal
